
Microsoft Visual Studio Solution File, Format Version 12.00
# Visual Studio Version 17
VisualStudioVersion = 17.7.34031.279
MinimumVisualStudioVersion = 10.0.40219.1
Project("{FAE04EC0-301F-11D3-BF4B-00C04F79EFBC}") = "EMSAppRequirement", "EMSAppRequirement\EMSAppRequirement.csproj", "{428A0326-D3C3-4361-A5FB-77F0DE5E84C8}"
EndProject
Project("{FAE04EC0-301F-11D3-BF4B-00C04F79EFBC}") = "DataAccessLayer", "DataAccessLayer\DataAccessLayer.csproj", "{C2F3E3F4-10A1-4A20-B938-B0CD17505D3C}"
EndProject
Project("{FAE04EC0-301F-11D3-BF4B-00C04F79EFBC}") = "BusinessLayer", "BusinessLayer\BusinessLayer.csproj", "{13347936-13B0-4F4C-9236-0CC6FD8F0611}"
EndProject
Global
	GlobalSection(SolutionConfigurationPlatforms) = preSolution
		Debug|Any CPU = Debug|Any CPU
		Release|Any CPU = Release|Any CPU
	EndGlobalSection
	GlobalSection(ProjectConfigurationPlatforms) = postSolution
		{428A0326-D3C3-4361-A5FB-77F0DE5E84C8}.Debug|Any CPU.ActiveCfg = Debug|Any CPU
		{428A0326-D3C3-4361-A5FB-77F0DE5E84C8}.Debug|Any CPU.Build.0 = Debug|Any CPU
		{428A0326-D3C3-4361-A5FB-77F0DE5E84C8}.Release|Any CPU.ActiveCfg = Release|Any CPU
		{428A0326-D3C3-4361-A5FB-77F0DE5E84C8}.Release|Any CPU.Build.0 = Release|Any CPU
		{C2F3E3F4-10A1-4A20-B938-B0CD17505D3C}.Debug|Any CPU.ActiveCfg = Debug|Any CPU
		{C2F3E3F4-10A1-4A20-B938-B0CD17505D3C}.Debug|Any CPU.Build.0 = Debug|Any CPU
		{C2F3E3F4-10A1-4A20-B938-B0CD17505D3C}.Release|Any CPU.ActiveCfg = Release|Any CPU
		{C2F3E3F4-10A1-4A20-B938-B0CD17505D3C}.Release|Any CPU.Build.0 = Release|Any CPU
		{13347936-13B0-4F4C-9236-0CC6FD8F0611}.Debug|Any CPU.ActiveCfg = Debug|Any CPU
		{13347936-13B0-4F4C-9236-0CC6FD8F0611}.Debug|Any CPU.Build.0 = Debug|Any CPU
		{13347936-13B0-4F4C-9236-0CC6FD8F0611}.Release|Any CPU.ActiveCfg = Release|Any CPU
		{13347936-13B0-4F4C-9236-0CC6FD8F0611}.Release|Any CPU.Build.0 = Release|Any CPU
	EndGlobalSection
	GlobalSection(SolutionProperties) = preSolution
		HideSolutionNode = FALSE
	EndGlobalSection
	GlobalSection(ExtensibilityGlobals) = postSolution
		SolutionGuid = {5E2C1434-3A78-41FC-B503-B5DD3111A5AE}
	EndGlobalSection
EndGlobal
